{
  "name": "routing-study",
  "version": "1.0.0",
  "lockfileVersion": 3,
  "requires": true,
  "packages": {
    "": {
      "name": "routing-study",
      "version": "1.0.0",
      "license": "MIT",
      "dependencies": {
        "@m-sanchez/ab-significance": "github:m-sanchez/ab-significance#v1.0.2",
        "@m-sanchez/calibrated": "github:m-sanchez/calibrated#v1.0.1",
        "@m-sanchez/careful-router": "github:m-sanchez/careful-router#v2.0.1",
        "@m-sanchez/frozen-eval": "github:m-sanchez/frozen-eval#v2.0.1"
      },
      "devDependencies": {
        "@types/node": "^26.4.0",
        "typescript": "^5.9.3"
      },
      "engines": {
        "node": ">=22.18"
      }
    },
    "node_modules/@m-sanchez/ab-significance": {
      "version": "1.0.2",
      "resolved": "git+ssh://git@github.com/m-sanchez/ab-significance.git#3a12e47653a50df0f62a47902b93c0a01f06d593",
      "license": "MIT",
      "engines": {
        "node": ">=22.18"
      }
    },
    "node_modules/@m-sanchez/calibrated": {
      "version": "1.0.1",
      "resolved": "git+ssh://git@github.com/m-sanchez/calibrated.git#d043bb0abe37fe3dabb40246c1711fdcee56f663",
      "license": "MIT",
      "engines": {
        "node": ">=22.18"
      }
    },
    "node_modules/@m-sanchez/careful-router": {
      "version": "2.0.1",
      "resolved": "git+ssh://git@github.com/m-sanchez/careful-router.git#0526c66032012a4c8735f6b3b892a025db2227ee",
      "license": "MIT",
      "engines": {
        "node": ">=22.18"
      }
    },
    "node_modules/@m-sanchez/frozen-eval": {
      "version": "2.0.1",
      "resolved": "git+ssh://git@github.com/m-sanchez/frozen-eval.git#d0fffdce93608c82e93cb4189e4119b42fcf86af",
      "license": "MIT",
      "bin": {
        "frozen-eval": "dist/cli.js"
      },
      "engines": {
        "node": ">=22.18"
      }
    },
    "node_modules/@types/node": {
      "version": "26.4.0",
      "resolved": "https://registry.npmjs.org/@types/node/-/node-26.4.0.tgz",
      "integrity": "sha512-faiGnoIrLH/V8cibOMEAZ8pMw6oXqSukl29ra4mN8GdaB2ZewzeaLj+INpV5N+Z1eKWzY+IzaIZH2EIR6YZRNQ==",
      "dev": true,
      "license": "MIT",
      "dependencies": {
        "undici-types": "~8.3.0"
      }
    },
    "node_modules/typescript": {
      "version": "5.9.3",
      "resolved": "https://registry.npmjs.org/typescript/-/typescript-5.9.3.tgz",
      "integrity": "sha512-jl1vZzPDinLr9eUt3J/t7V6FgNEw9QjvBPdysz9KfQDD41fQrC2Y4vKQdiaUpFT4bXlb1RHhLpp8wtm6M5TgSw==",
      "dev": true,
      "license": "Apache-2.0",
      "bin": {
        "tsc": "bin/tsc",
        "tsserver": "bin/tsserver"
      },
      "engines": {
        "node": ">=14.17"
      }
    },
    "node_modules/undici-types": {
      "version": "8.3.0",
      "resolved": "https://registry.npmjs.org/undici-types/-/undici-types-8.3.0.tgz",
      "integrity": "sha512-j375ScV60dom+YkPFIfTLcOiPxkN/buHz5GobjLhixFuANaNs3C9l4GmrWqejgXWJ7BbJcFYpTEUkS1Ge8bpZQ==",
      "dev": true,
      "license": "MIT"
    }
  }
}
