{
  "name": "routing-study",
  "version": "1.0.0",
  "lockfileVersion": 3,
  "requires": true,
  "packages": {
    "": {
      "name": "routing-study",
      "version": "1.0.0",
      "license": "MIT",
      "dependencies": {
        "ab-significance": "github:m-sanchez/ab-significance#v1.0.0",
        "calibrated": "github:m-sanchez/calibrated#v1.0.0",
        "careful-router": "github:m-sanchez/careful-router#v2.0.0",
        "frozen-eval": "github:m-sanchez/frozen-eval#v2.0.0"
      },
      "devDependencies": {
        "@types/node": "^26.4.0",
        "typescript": "^5.9.3"
      },
      "engines": {
        "node": ">=22.18"
      }
    },
    "node_modules/@types/node": {
      "version": "26.4.0",
      "resolved": "https://registry.npmjs.org/@types/node/-/node-26.4.0.tgz",
      "integrity": "sha512-faiGnoIrLH/V8cibOMEAZ8pMw6oXqSukl29ra4mN8GdaB2ZewzeaLj+INpV5N+Z1eKWzY+IzaIZH2EIR6YZRNQ==",
      "dev": true,
      "license": "MIT",
      "dependencies": {
        "undici-types": "~8.3.0"
      }
    },
    "node_modules/ab-significance": {
      "version": "1.0.0",
      "resolved": "git+ssh://git@github.com/m-sanchez/ab-significance.git#0abf98676c89aa257857e5cf817a2bed2261e366",
      "license": "MIT",
      "engines": {
        "node": ">=22.18"
      }
    },
    "node_modules/calibrated": {
      "version": "1.0.0",
      "resolved": "git+ssh://git@github.com/m-sanchez/calibrated.git#7d3b6dafdd2fb5e72a2812eef60edd4e2a3398a6",
      "license": "MIT",
      "engines": {
        "node": ">=22.18"
      }
    },
    "node_modules/careful-router": {
      "version": "2.0.0",
      "resolved": "git+ssh://git@github.com/m-sanchez/careful-router.git#d67a675ca969e0d6355fbb52ba4b4be2d8fdb41a",
      "license": "MIT",
      "engines": {
        "node": ">=22.18"
      }
    },
    "node_modules/frozen-eval": {
      "version": "2.0.0",
      "resolved": "git+ssh://git@github.com/m-sanchez/frozen-eval.git#1c68d91f540e8f6b585821af9b5bc7f6fa42038e",
      "license": "MIT",
      "bin": {
        "frozen-eval": "dist/cli.js"
      },
      "engines": {
        "node": ">=22.18"
      }
    },
    "node_modules/typescript": {
      "version": "5.9.3",
      "resolved": "https://registry.npmjs.org/typescript/-/typescript-5.9.3.tgz",
      "integrity": "sha512-jl1vZzPDinLr9eUt3J/t7V6FgNEw9QjvBPdysz9KfQDD41fQrC2Y4vKQdiaUpFT4bXlb1RHhLpp8wtm6M5TgSw==",
      "dev": true,
      "license": "Apache-2.0",
      "bin": {
        "tsc": "bin/tsc",
        "tsserver": "bin/tsserver"
      },
      "engines": {
        "node": ">=14.17"
      }
    },
    "node_modules/undici-types": {
      "version": "8.3.0",
      "resolved": "https://registry.npmjs.org/undici-types/-/undici-types-8.3.0.tgz",
      "integrity": "sha512-j375ScV60dom+YkPFIfTLcOiPxkN/buHz5GobjLhixFuANaNs3C9l4GmrWqejgXWJ7BbJcFYpTEUkS1Ge8bpZQ==",
      "dev": true,
      "license": "MIT"
    }
  }
}
